PODS:
  - AFNetworking (4.0.1):
    - AFNetworking/NSURLSession (= 4.0.1)
    - AFNetworking/Reachability (= 4.0.1)
    - AFNetworking/Security (= 4.0.1)
    - AFNetworking/Serialization (= 4.0.1)
    - AFNetworking/UIKit (= 4.0.1)
  - AFNetworking/NSURLSession (4.0.1):
    - AFNetworking/Reachability
    - AFNetworking/Security
    - AFNetworking/Serialization
  - AFNetworking/Reachability (4.0.1)
  - AFNetworking/Security (4.0.1)
  - AFNetworking/Serialization (4.0.1)
  - AFNetworking/UIKit (4.0.1):
    - AFNetworking/NSURLSession
  - IQKeyboardManager (6.5.6)
  - WechatOpenSDK (1.8.7.1)

DEPENDENCIES:
  - AFNetworking
  - IQKeyboardManager
  - WechatOpenSDK

SPEC REPOS:
  trunk:
    - AFNetworking
    - IQKeyboardManager
    - WechatOpenSDK

SPEC CHECKSUMS:
  AFNetworking: 7864c38297c79aaca1500c33288e429c3451fdce
  IQKeyboardManager: 2a6e97afdafc7becf0cb17a9a8d795e3a980717f
  WechatOpenSDK: 6a4d1436c15b3b5fe2a0bd383f3046010186da44

PODFILE CHECKSUM: 8606de0946350a015b2f610944ebae7c32353fc1

COCOAPODS: 1.9.3
