PODS:
  - AFNetworking (4.0.1):
    - AFNetworking/NSURLSession (= 4.0.1)
    - AFNetworking/Reachability (= 4.0.1)
    - AFNetworking/Security (= 4.0.1)
    - AFNetworking/Serialization (= 4.0.1)
    - AFNetworking/UIKit (= 4.0.1)
  - AFNetworking/NSURLSession (4.0.1):
    - AFNetworking/Reachability
    - AFNetworking/Security
    - AFNetworking/Serialization
  - AFNetworking/Reachability (4.0.1)
  - AFNetworking/Security (4.0.1)
  - AFNetworking/Serialization (4.0.1)
  - AFNetworking/UIKit (4.0.1):
    - AFNetworking/NSURLSession
  - AMapFoundation (1.6.5.1)
  - AMapLocation (2.6.7):
    - AMapFoundation (~> 1.6.4)
  - AMapSearch (7.8.0):
    - AMapFoundation (~> 1.6.4)
  - IQKeyboardManager (6.5.6)
  - WechatOpenSDK (1.8.7.1)

DEPENDENCIES:
  - AFNetworking
  - AMapLocation
  - AMapSearch
  - IQKeyboardManager
  - WechatOpenSDK

SPEC REPOS:
  trunk:
    - AFNetworking
    - AMapFoundation
    - AMapLocation
    - AMapSearch
    - IQKeyboardManager
    - WechatOpenSDK

SPEC CHECKSUMS:
  AFNetworking: 7864c38297c79aaca1500c33288e429c3451fdce
  AMapFoundation: b67560a6f21aab81c8c12f84616b55a3833b6253
  AMapLocation: a46c30d9930d0f3a3bd21139d8f845d10ac3f01d
  AMapSearch: a62d0b2508270dff5a9b05ba3af9fc8843b48c8a
  IQKeyboardManager: 2a6e97afdafc7becf0cb17a9a8d795e3a980717f
  WechatOpenSDK: 6a4d1436c15b3b5fe2a0bd383f3046010186da44

PODFILE CHECKSUM: 7303d2fc9774aaea2be68aa1b195f5ddaf046c30

COCOAPODS: 1.10.0
